
Microsoft Visual Studio Solution File, Format Version 12.00
# Visual Studio Version 16
VisualStudioVersion = 16.0.30517.126
MinimumVisualStudioVersion = 10.0.40219.1
Project("{9A19103F-16F7-4668-BE54-9A1E7A4F7556}") = "Quiz", "CSharpAdvanced\Quiz.csproj", "{AAF1EB0F-C291-4CEA-A46A-BF66E1193C2D}"
EndProject
Project("{FAE04EC0-301F-11D3-BF4B-00C04F79EFBC}") = "OOP", "OOP\OOP.csproj", "{D2EBE1A1-0FE8-4D68-B760-7BB16FF5C299}"
EndProject
Project("{FAE04EC0-301F-11D3-BF4B-00C04F79EFBC}") = "Interface", "Interface\Interface.csproj", "{A5625E9D-F035-41EB-A388-987BE5E5108B}"
EndProject
Project("{FAE04EC0-301F-11D3-BF4B-00C04F79EFBC}") = "ValueObjects", "Generics\ValueObjects.csproj", "{7A8F0547-E167-4B78-85F5-80AE5F18845A}"
EndProject
Project("{FAE04EC0-301F-11D3-BF4B-00C04F79EFBC}") = "AdvancedCSharp1", "AdvancedCSharp1\AdvancedCSharp1.csproj", "{72BDC8E5-793C-426F-98B4-2585A737299B}"
EndProject
Project("{FAE04EC0-301F-11D3-BF4B-00C04F79EFBC}") = "Linq", "Linq\Linq.csproj", "{10C80D25-655C-4DD5-861A-BE9E77407658}"
EndProject
Project("{FAE04EC0-301F-11D3-BF4B-00C04F79EFBC}") = "DependencyInjection", "Interfaces\DependencyInjection.csproj", "{1DCFF230-39D2-4F40-9B15-0D36FA7B8339}"
EndProject
Global
	GlobalSection(SolutionConfigurationPlatforms) = preSolution
		Debug|Any CPU = Debug|Any CPU
		Release|Any CPU = Release|Any CPU
	EndGlobalSection
	GlobalSection(ProjectConfigurationPlatforms) = postSolution
		{AAF1EB0F-C291-4CEA-A46A-BF66E1193C2D}.Debug|Any CPU.ActiveCfg = Debug|Any CPU
		{AAF1EB0F-C291-4CEA-A46A-BF66E1193C2D}.Debug|Any CPU.Build.0 = Debug|Any CPU
		{AAF1EB0F-C291-4CEA-A46A-BF66E1193C2D}.Release|Any CPU.ActiveCfg = Release|Any CPU
		{AAF1EB0F-C291-4CEA-A46A-BF66E1193C2D}.Release|Any CPU.Build.0 = Release|Any CPU
		{D2EBE1A1-0FE8-4D68-B760-7BB16FF5C299}.Debug|Any CPU.ActiveCfg = Debug|Any CPU
		{D2EBE1A1-0FE8-4D68-B760-7BB16FF5C299}.Debug|Any CPU.Build.0 = Debug|Any CPU
		{D2EBE1A1-0FE8-4D68-B760-7BB16FF5C299}.Release|Any CPU.ActiveCfg = Release|Any CPU
		{D2EBE1A1-0FE8-4D68-B760-7BB16FF5C299}.Release|Any CPU.Build.0 = Release|Any CPU
		{A5625E9D-F035-41EB-A388-987BE5E5108B}.Debug|Any CPU.ActiveCfg = Debug|Any CPU
		{A5625E9D-F035-41EB-A388-987BE5E5108B}.Debug|Any CPU.Build.0 = Debug|Any CPU
		{A5625E9D-F035-41EB-A388-987BE5E5108B}.Release|Any CPU.ActiveCfg = Release|Any CPU
		{A5625E9D-F035-41EB-A388-987BE5E5108B}.Release|Any CPU.Build.0 = Release|Any CPU
		{7A8F0547-E167-4B78-85F5-80AE5F18845A}.Debug|Any CPU.ActiveCfg = Debug|Any CPU
		{7A8F0547-E167-4B78-85F5-80AE5F18845A}.Debug|Any CPU.Build.0 = Debug|Any CPU
		{7A8F0547-E167-4B78-85F5-80AE5F18845A}.Release|Any CPU.ActiveCfg = Release|Any CPU
		{7A8F0547-E167-4B78-85F5-80AE5F18845A}.Release|Any CPU.Build.0 = Release|Any CPU
		{72BDC8E5-793C-426F-98B4-2585A737299B}.Debug|Any CPU.ActiveCfg = Debug|Any CPU
		{72BDC8E5-793C-426F-98B4-2585A737299B}.Debug|Any CPU.Build.0 = Debug|Any CPU
		{72BDC8E5-793C-426F-98B4-2585A737299B}.Release|Any CPU.ActiveCfg = Release|Any CPU
		{72BDC8E5-793C-426F-98B4-2585A737299B}.Release|Any CPU.Build.0 = Release|Any CPU
		{10C80D25-655C-4DD5-861A-BE9E77407658}.Debug|Any CPU.ActiveCfg = Debug|Any CPU
		{10C80D25-655C-4DD5-861A-BE9E77407658}.Debug|Any CPU.Build.0 = Debug|Any CPU
		{10C80D25-655C-4DD5-861A-BE9E77407658}.Release|Any CPU.ActiveCfg = Release|Any CPU
		{10C80D25-655C-4DD5-861A-BE9E77407658}.Release|Any CPU.Build.0 = Release|Any CPU
		{1DCFF230-39D2-4F40-9B15-0D36FA7B8339}.Debug|Any CPU.ActiveCfg = Debug|Any CPU
		{1DCFF230-39D2-4F40-9B15-0D36FA7B8339}.Debug|Any CPU.Build.0 = Debug|Any CPU
		{1DCFF230-39D2-4F40-9B15-0D36FA7B8339}.Release|Any CPU.ActiveCfg = Release|Any CPU
		{1DCFF230-39D2-4F40-9B15-0D36FA7B8339}.Release|Any CPU.Build.0 = Release|Any CPU
	EndGlobalSection
	GlobalSection(SolutionProperties) = preSolution
		HideSolutionNode = FALSE
	EndGlobalSection
	GlobalSection(ExtensibilityGlobals) = postSolution
		SolutionGuid = {6351BAA5-A9F7-4B10-89FB-ACEEB14EEB0D}
	EndGlobalSection
EndGlobal
